{
  "object": {
    "pins": [
      {
        "package": "ActivityIndicatorView",
        "repositoryURL": "https://github.com/exyte/ActivityIndicatorView.git",
        "state": {
          "branch": null,
          "revision": "04be6321d482f6bce9e3c9412e419831d88a5327",
          "version": "0.0.7"
        }
      },
      {
        "package": "Alamofire",
        "repositoryURL": "https://github.com/Alamofire/Alamofire.git",
        "state": {
          "branch": null,
          "revision": "f96b619bcb2383b43d898402283924b80e2c4bae",
          "version": "5.4.3"
        }
      },
      {
        "package": "AlamofireNetworkActivityLogger",
        "repositoryURL": "https://github.com/konkab/AlamofireNetworkActivityLogger.git",
        "state": {
          "branch": null,
          "revision": "8db9d4e27176905298e7215e3d800e349cdfa30b",
          "version": "3.4.0"
        }
      },
      {
        "package": "SwiftUICharts",
        "repositoryURL": "https://github.com/AppPear/ChartView",
        "state": {
          "branch": null,
          "revision": "9115a992c91fa19cbb4f2241084240d38654a1fc",
          "version": "1.5.5"
        }
      },
      {
        "package": "Realm",
        "repositoryURL": "https://github.com/realm/realm-cocoa.git",
        "state": {
          "branch": null,
          "revision": "7a3e25994d4d917efe30fa4496775d3f024b71b6",
          "version": "10.13.0"
        }
      },
      {
        "package": "RealmDatabase",
        "repositoryURL": "https://github.com/realm/realm-core",
        "state": {
          "branch": null,
          "revision": "9a7d09994e85b7eda8e3553b444bcfef6ec3f9ea",
          "version": "11.3.0"
        }
      },
      {
        "package": "SDWebImage",
        "repositoryURL": "https://github.com/SDWebImage/SDWebImage.git",
        "state": {
          "branch": null,
          "revision": "76dd4b49110b8624317fc128e7fa0d8a252018bc",
          "version": "5.11.1"
        }
      },
      {
        "package": "SDWebImageSwiftUI",
        "repositoryURL": "https://github.com/SDWebImage/SDWebImageSwiftUI.git",
        "state": {
          "branch": null,
          "revision": "cd8625b7cf11a97698e180d28bb7d5d357196678",
          "version": "2.0.2"
        }
      },
      {
        "package": "Stinsen",
        "repositoryURL": "https://github.com/rundfunk47/stinsen",
        "state": {
          "branch": null,
          "revision": "65eb847aeff796721e1e6650af57ca720dcde6a0",
          "version": "1.1.1"
        }
      }
    ]
  },
  "version": 1
}
